<Solution>
  <Folder Name="/.solution items/">
    <File Path=".editorconfig" />
    <File Path=".gitignore" />
    <File Path=".gitattributes" />
    <File Path="Directory.Build.props" />
  </Folder>
  <Folder Name="/tests/">
    <Project Path="TrialWpfApp/TrialWpfApp.csproj" />
  </Folder>
  <Project Path="CodeCompletion/CodeCompletion.csproj" />
  <Project Path="CodeCompletion.Wpf/CodeCompletion.Wpf.csproj" />
  <Project Path="ObjectMatching/ObjectMatching.csproj" />
</Solution>
